<?xml version="1.0" encoding="utf-8"?>
<Project ToolsVersion="4.0" xmlns="http://schemas.microsoft.com/developer/msbuild/2003">
  <ItemGroup>
    <Filter Include="Source Files">
      <UniqueIdentifier>{4FC737F1-C7A5-4376-A066-2A32D752A2FF}</UniqueIdentifier>
      <Extensions>cpp;c;cc;cxx;def;odl;idl;hpj;bat;asm;asmx</Extensions>
    </Filter>
    <Filter Include="Header Files">
      <UniqueIdentifier>{93995380-89BD-4b04-88EB-625FBE52EBFB}</UniqueIdentifier>
      <Extensions>h;hpp;hxx;hm;inl;inc;xsd</Extensions>
    </Filter>
    <Filter Include="Resource Files">
      <UniqueIdentifier>{67DA6AB6-F800-4c08-8B7A-83BB121AAD01}</UniqueIdentifier>
      <Extensions>rc;ico;cur;bmp;dlg;rc2;rct;bin;rgs;gif;jpg;jpeg;jpe;resx;tiff;tif;png;wav;mfcribbon-ms</Extensions>
    </Filter>
  </ItemGroup>
  <ItemGroup>
    <ClCompile Include="VBO.cpp">
      <Filter>Source Files</Filter>
    </ClCompile>
    <ClCompile Include="shapes\cube.cpp">
      <Filter>Source Files</Filter>
    </ClCompile>
    <ClCompile Include="shapes\figure3D.cpp">
      <Filter>Source Files</Filter>
    </ClCompile>
    <ClCompile Include="shapes\math.cpp">
      <Filter>Source Files</Filter>
    </ClCompile>
    <ClCompile Include="shapes\sphere.cpp">
      <Filter>Source Files</Filter>
    </ClCompile>
    <ClCompile Include="shapes\vec.cpp">
      <Filter>Source Files</Filter>
    </ClCompile>
    <ClCompile Include="Camera.cpp">
      <Filter>Source Files</Filter>
    </ClCompile>
    <ClCompile Include="Engine.cpp">
      <Filter>Source Files</Filter>
    </ClCompile>
    <ClCompile Include="Heightmap.cpp">
      <Filter>Source Files</Filter>
    </ClCompile>
    <ClCompile Include="Input.cpp">
      <Filter>Source Files</Filter>
    </ClCompile>
    <ClCompile Include="main.cpp">
      <Filter>Source Files</Filter>
    </ClCompile>
    <ClCompile Include="QuadTree.cpp">
      <Filter>Source Files</Filter>
    </ClCompile>
    <ClCompile Include="ShaderProgram.cpp">
      <Filter>Source Files</Filter>
    </ClCompile>
    <ClCompile Include="libs\glew-1.9.0\auto\src\glew_head.c">
      <Filter>Source Files</Filter>
    </ClCompile>
    <ClCompile Include="libs\glew-1.9.0\auto\src\glew_init_gl.c">
      <Filter>Source Files</Filter>
    </ClCompile>
    <ClCompile Include="libs\glew-1.9.0\auto\src\glew_init_glx.c">
      <Filter>Source Files</Filter>
    </ClCompile>
    <ClCompile Include="libs\glew-1.9.0\auto\src\glew_init_tail.c">
      <Filter>Source Files</Filter>
    </ClCompile>
    <ClCompile Include="libs\glew-1.9.0\auto\src\glew_init_wgl.c">
      <Filter>Source Files</Filter>
    </ClCompile>
    <ClCompile Include="libs\glew-1.9.0\auto\src\glew_str_glx.c">
      <Filter>Source Files</Filter>
    </ClCompile>
    <ClCompile Include="libs\glew-1.9.0\auto\src\glew_str_head.c">
      <Filter>Source Files</Filter>
    </ClCompile>
    <ClCompile Include="libs\glew-1.9.0\auto\src\glew_str_tail.c">
      <Filter>Source Files</Filter>
    </ClCompile>
    <ClCompile Include="libs\glew-1.9.0\auto\src\glew_str_wgl.c">
      <Filter>Source Files</Filter>
    </ClCompile>
    <ClCompile Include="libs\glew-1.9.0\auto\src\glew_utils.c">
      <Filter>Source Files</Filter>
    </ClCompile>
    <ClCompile Include="libs\glew-1.9.0\auto\src\glewinfo_gl.c">
      <Filter>Source Files</Filter>
    </ClCompile>
    <ClCompile Include="libs\glew-1.9.0\auto\src\glewinfo_glx.c">
      <Filter>Source Files</Filter>
    </ClCompile>
    <ClCompile Include="libs\glew-1.9.0\auto\src\glewinfo_head.c">
      <Filter>Source Files</Filter>
    </ClCompile>
    <ClCompile Include="libs\glew-1.9.0\auto\src\glewinfo_tail.c">
      <Filter>Source Files</Filter>
    </ClCompile>
    <ClCompile Include="libs\glew-1.9.0\auto\src\glewinfo_wgl.c">
      <Filter>Source Files</Filter>
    </ClCompile>
    <ClCompile Include="libs\glew-1.9.0\src\glew.c">
      <Filter>Source Files</Filter>
    </ClCompile>
    <ClCompile Include="libs\glew-1.9.0\src\glewinfo.c">
      <Filter>Source Files</Filter>
    </ClCompile>
    <ClCompile Include="libs\glew-1.9.0\src\visualinfo.c">
      <Filter>Source Files</Filter>
    </ClCompile>
    <ClCompile Include="libs\sfml\examples\ftp\Ftp.cpp">
      <Filter>Source Files</Filter>
    </ClCompile>
    <ClCompile Include="libs\sfml\examples\opengl\OpenGL.cpp">
      <Filter>Source Files</Filter>
    </ClCompile>
    <ClCompile Include="libs\sfml\examples\pong\Pong.cpp">
      <Filter>Source Files</Filter>
    </ClCompile>
    <ClCompile Include="libs\sfml\examples\shader\Shader.cpp">
      <Filter>Source Files</Filter>
    </ClCompile>
    <ClCompile Include="libs\sfml\examples\sockets\Sockets.cpp">
      <Filter>Source Files</Filter>
    </ClCompile>
    <ClCompile Include="libs\sfml\examples\sockets\TCP.cpp">
      <Filter>Source Files</Filter>
    </ClCompile>
    <ClCompile Include="libs\sfml\examples\sockets\UDP.cpp">
      <Filter>Source Files</Filter>
    </ClCompile>
    <ClCompile Include="libs\sfml\examples\sound\Sound.cpp">
      <Filter>Source Files</Filter>
    </ClCompile>
    <ClCompile Include="libs\sfml\examples\sound_capture\SoundCapture.cpp">
      <Filter>Source Files</Filter>
    </ClCompile>
    <ClCompile Include="libs\sfml\examples\voip\Client.cpp">
      <Filter>Source Files</Filter>
    </ClCompile>
    <ClCompile Include="libs\sfml\examples\voip\Server.cpp">
      <Filter>Source Files</Filter>
    </ClCompile>
    <ClCompile Include="libs\sfml\examples\voip\VoIP.cpp">
      <Filter>Source Files</Filter>
    </ClCompile>
    <ClCompile Include="libs\sfml\examples\win32\Win32.cpp">
      <Filter>Source Files</Filter>
    </ClCompile>
    <ClCompile Include="libs\sfml\examples\window\Window.cpp">
      <Filter>Source Files</Filter>
    </ClCompile>
    <ClCompile Include="libs\sfml\examples\X11\X11.cpp">
      <Filter>Source Files</Filter>
    </ClCompile>
    <ClCompile Include="libs\sfml\src\SFML\Audio\ALCheck.cpp">
      <Filter>Source Files</Filter>
    </ClCompile>
    <ClCompile Include="libs\sfml\src\SFML\Audio\AudioDevice.cpp">
      <Filter>Source Files</Filter>
    </ClCompile>
    <ClCompile Include="libs\sfml\src\SFML\Audio\Listener.cpp">
      <Filter>Source Files</Filter>
    </ClCompile>
    <ClCompile Include="libs\sfml\src\SFML\Audio\Music.cpp">
      <Filter>Source Files</Filter>
    </ClCompile>
    <ClCompile Include="libs\sfml\src\SFML\Audio\Sound.cpp">
      <Filter>Source Files</Filter>
    </ClCompile>
    <ClCompile Include="libs\sfml\src\SFML\Audio\SoundBuffer.cpp">
      <Filter>Source Files</Filter>
    </ClCompile>
    <ClCompile Include="libs\sfml\src\SFML\Audio\SoundBufferRecorder.cpp">
      <Filter>Source Files</Filter>
    </ClCompile>
    <ClCompile Include="libs\sfml\src\SFML\Audio\SoundFile.cpp">
      <Filter>Source Files</Filter>
    </ClCompile>
    <ClCompile Include="libs\sfml\src\SFML\Audio\SoundRecorder.cpp">
      <Filter>Source Files</Filter>
    </ClCompile>
    <ClCompile Include="libs\sfml\src\SFML\Audio\SoundSource.cpp">
      <Filter>Source Files</Filter>
    </ClCompile>
    <ClCompile Include="libs\sfml\src\SFML\Audio\SoundStream.cpp">
      <Filter>Source Files</Filter>
    </ClCompile>
    <ClCompile Include="libs\sfml\src\SFML\Graphics\CircleShape.cpp">
      <Filter>Source Files</Filter>
    </ClCompile>
    <ClCompile Include="libs\sfml\src\SFML\Graphics\Color.cpp">
      <Filter>Source Files</Filter>
    </ClCompile>
    <ClCompile Include="libs\sfml\src\SFML\Graphics\ConvexShape.cpp">
      <Filter>Source Files</Filter>
    </ClCompile>
    <ClCompile Include="libs\sfml\src\SFML\Graphics\Font.cpp">
      <Filter>Source Files</Filter>
    </ClCompile>
    <ClCompile Include="libs\sfml\src\SFML\Graphics\GLCheck.cpp">
      <Filter>Source Files</Filter>
    </ClCompile>
    <ClCompile Include="libs\sfml\src\SFML\Graphics\Image.cpp">
      <Filter>Source Files</Filter>
    </ClCompile>
    <ClCompile Include="libs\sfml\src\SFML\Graphics\ImageLoader.cpp">
      <Filter>Source Files</Filter>
    </ClCompile>
    <ClCompile Include="libs\sfml\src\SFML\Graphics\RectangleShape.cpp">
      <Filter>Source Files</Filter>
    </ClCompile>
    <ClCompile Include="libs\sfml\src\SFML\Graphics\RenderStates.cpp">
      <Filter>Source Files</Filter>
    </ClCompile>
    <ClCompile Include="libs\sfml\src\SFML\Graphics\RenderTarget.cpp">
      <Filter>Source Files</Filter>
    </ClCompile>
    <ClCompile Include="libs\sfml\src\SFML\Graphics\RenderTexture.cpp">
      <Filter>Source Files</Filter>
    </ClCompile>
    <ClCompile Include="libs\sfml\src\SFML\Graphics\RenderTextureImpl.cpp">
      <Filter>Source Files</Filter>
    </ClCompile>
    <ClCompile Include="libs\sfml\src\SFML\Graphics\RenderTextureImplDefault.cpp">
      <Filter>Source Files</Filter>
    </ClCompile>
    <ClCompile Include="libs\sfml\src\SFML\Graphics\RenderTextureImplFBO.cpp">
      <Filter>Source Files</Filter>
    </ClCompile>
    <ClCompile Include="libs\sfml\src\SFML\Graphics\RenderWindow.cpp">
      <Filter>Source Files</Filter>
    </ClCompile>
    <ClCompile Include="libs\sfml\src\SFML\Graphics\Shader.cpp">
      <Filter>Source Files</Filter>
    </ClCompile>
    <ClCompile Include="libs\sfml\src\SFML\Graphics\Shape.cpp">
      <Filter>Source Files</Filter>
    </ClCompile>
    <ClCompile Include="libs\sfml\src\SFML\Graphics\Sprite.cpp">
      <Filter>Source Files</Filter>
    </ClCompile>
    <ClCompile Include="libs\sfml\src\SFML\Graphics\Text.cpp">
      <Filter>Source Files</Filter>
    </ClCompile>
    <ClCompile Include="libs\sfml\src\SFML\Graphics\Texture.cpp">
      <Filter>Source Files</Filter>
    </ClCompile>
    <ClCompile Include="libs\sfml\src\SFML\Graphics\TextureSaver.cpp">
      <Filter>Source Files</Filter>
    </ClCompile>
    <ClCompile Include="libs\sfml\src\SFML\Graphics\Transform.cpp">
      <Filter>Source Files</Filter>
    </ClCompile>
    <ClCompile Include="libs\sfml\src\SFML\Graphics\Transformable.cpp">
      <Filter>Source Files</Filter>
    </ClCompile>
    <ClCompile Include="libs\sfml\src\SFML\Graphics\Vertex.cpp">
      <Filter>Source Files</Filter>
    </ClCompile>
    <ClCompile Include="libs\sfml\src\SFML\Graphics\VertexArray.cpp">
      <Filter>Source Files</Filter>
    </ClCompile>
    <ClCompile Include="libs\sfml\src\SFML\Graphics\View.cpp">
      <Filter>Source Files</Filter>
    </ClCompile>
    <ClCompile Include="libs\sfml\src\SFML\Main\SFML_Main.cpp">
      <Filter>Source Files</Filter>
    </ClCompile>
    <ClCompile Include="libs\sfml\src\SFML\Network\Unix\SocketImpl.cpp">
      <Filter>Source Files</Filter>
    </ClCompile>
    <ClCompile Include="libs\sfml\src\SFML\Network\Win32\SocketImpl.cpp">
      <Filter>Source Files</Filter>
    </ClCompile>
    <ClCompile Include="libs\sfml\src\SFML\Network\Ftp.cpp">
      <Filter>Source Files</Filter>
    </ClCompile>
    <ClCompile Include="libs\sfml\src\SFML\Network\Http.cpp">
      <Filter>Source Files</Filter>
    </ClCompile>
    <ClCompile Include="libs\sfml\src\SFML\Network\IpAddress.cpp">
      <Filter>Source Files</Filter>
    </ClCompile>
    <ClCompile Include="libs\sfml\src\SFML\Network\Packet.cpp">
      <Filter>Source Files</Filter>
    </ClCompile>
    <ClCompile Include="libs\sfml\src\SFML\Network\Socket.cpp">
      <Filter>Source Files</Filter>
    </ClCompile>
    <ClCompile Include="libs\sfml\src\SFML\Network\SocketSelector.cpp">
      <Filter>Source Files</Filter>
    </ClCompile>
    <ClCompile Include="libs\sfml\src\SFML\Network\TcpListener.cpp">
      <Filter>Source Files</Filter>
    </ClCompile>
    <ClCompile Include="libs\sfml\src\SFML\Network\TcpSocket.cpp">
      <Filter>Source Files</Filter>
    </ClCompile>
    <ClCompile Include="libs\sfml\src\SFML\Network\UdpSocket.cpp">
      <Filter>Source Files</Filter>
    </ClCompile>
    <ClCompile Include="libs\sfml\src\SFML\System\Unix\ClockImpl.cpp">
      <Filter>Source Files</Filter>
    </ClCompile>
    <ClCompile Include="libs\sfml\src\SFML\System\Unix\MutexImpl.cpp">
      <Filter>Source Files</Filter>
    </ClCompile>
    <ClCompile Include="libs\sfml\src\SFML\System\Unix\SleepImpl.cpp">
      <Filter>Source Files</Filter>
    </ClCompile>
    <ClCompile Include="libs\sfml\src\SFML\System\Unix\ThreadImpl.cpp">
      <Filter>Source Files</Filter>
    </ClCompile>
    <ClCompile Include="libs\sfml\src\SFML\System\Unix\ThreadLocalImpl.cpp">
      <Filter>Source Files</Filter>
    </ClCompile>
    <ClCompile Include="libs\sfml\src\SFML\System\Win32\ClockImpl.cpp">
      <Filter>Source Files</Filter>
    </ClCompile>
    <ClCompile Include="libs\sfml\src\SFML\System\Win32\MutexImpl.cpp">
      <Filter>Source Files</Filter>
    </ClCompile>
    <ClCompile Include="libs\sfml\src\SFML\System\Win32\SleepImpl.cpp">
      <Filter>Source Files</Filter>
    </ClCompile>
    <ClCompile Include="libs\sfml\src\SFML\System\Win32\ThreadImpl.cpp">
      <Filter>Source Files</Filter>
    </ClCompile>
    <ClCompile Include="libs\sfml\src\SFML\System\Win32\ThreadLocalImpl.cpp">
      <Filter>Source Files</Filter>
    </ClCompile>
    <ClCompile Include="libs\sfml\src\SFML\System\Clock.cpp">
      <Filter>Source Files</Filter>
    </ClCompile>
    <ClCompile Include="libs\sfml\src\SFML\System\Err.cpp">
      <Filter>Source Files</Filter>
    </ClCompile>
    <ClCompile Include="libs\sfml\src\SFML\System\Lock.cpp">
      <Filter>Source Files</Filter>
    </ClCompile>
    <ClCompile Include="libs\sfml\src\SFML\System\Mutex.cpp">
      <Filter>Source Files</Filter>
    </ClCompile>
    <ClCompile Include="libs\sfml\src\SFML\System\Sleep.cpp">
      <Filter>Source Files</Filter>
    </ClCompile>
    <ClCompile Include="libs\sfml\src\SFML\System\String.cpp">
      <Filter>Source Files</Filter>
    </ClCompile>
    <ClCompile Include="libs\sfml\src\SFML\System\Thread.cpp">
      <Filter>Source Files</Filter>
    </ClCompile>
    <ClCompile Include="libs\sfml\src\SFML\System\ThreadLocal.cpp">
      <Filter>Source Files</Filter>
    </ClCompile>
    <ClCompile Include="libs\sfml\src\SFML\System\Time.cpp">
      <Filter>Source Files</Filter>
    </ClCompile>
    <ClCompile Include="libs\sfml\src\SFML\Window\Linux\Display.cpp">
      <Filter>Source Files</Filter>
    </ClCompile>
    <ClCompile Include="libs\sfml\src\SFML\Window\Linux\GlxContext.cpp">
      <Filter>Source Files</Filter>
    </ClCompile>
    <ClCompile Include="libs\sfml\src\SFML\Window\Linux\InputImpl.cpp">
      <Filter>Source Files</Filter>
    </ClCompile>
    <ClCompile Include="libs\sfml\src\SFML\Window\Linux\JoystickImpl.cpp">
      <Filter>Source Files</Filter>
    </ClCompile>
    <ClCompile Include="libs\sfml\src\SFML\Window\Linux\VideoModeImpl.cpp">
      <Filter>Source Files</Filter>
    </ClCompile>
    <ClCompile Include="libs\sfml\src\SFML\Window\Linux\WindowImplX11.cpp">
      <Filter>Source Files</Filter>
    </ClCompile>
    <ClCompile Include="libs\sfml\src\SFML\Window\OSX\cg_sf_conversion.cpp">
      <Filter>Source Files</Filter>
    </ClCompile>
    <ClCompile Include="libs\sfml\src\SFML\Window\OSX\HIDJoystickManager.cpp">
      <Filter>Source Files</Filter>
    </ClCompile>
    <ClCompile Include="libs\sfml\src\SFML\Window\OSX\JoystickImpl.cpp">
      <Filter>Source Files</Filter>
    </ClCompile>
    <ClCompile Include="libs\sfml\src\SFML\Window\OSX\VideoModeImpl.cpp">
      <Filter>Source Files</Filter>
    </ClCompile>
    <ClCompile Include="libs\sfml\src\SFML\Window\Win32\InputImpl.cpp">
      <Filter>Source Files</Filter>
    </ClCompile>
    <ClCompile Include="libs\sfml\src\SFML\Window\Win32\JoystickImpl.cpp">
      <Filter>Source Files</Filter>
    </ClCompile>
    <ClCompile Include="libs\sfml\src\SFML\Window\Win32\VideoModeImpl.cpp">
      <Filter>Source Files</Filter>
    </ClCompile>
    <ClCompile Include="libs\sfml\src\SFML\Window\Win32\WglContext.cpp">
      <Filter>Source Files</Filter>
    </ClCompile>
    <ClCompile Include="libs\sfml\src\SFML\Window\Win32\WindowImplWin32.cpp">
      <Filter>Source Files</Filter>
    </ClCompile>
    <ClCompile Include="libs\sfml\src\SFML\Window\Context.cpp">
      <Filter>Source Files</Filter>
    </ClCompile>
    <ClCompile Include="libs\sfml\src\SFML\Window\GlContext.cpp">
      <Filter>Source Files</Filter>
    </ClCompile>
    <ClCompile Include="libs\sfml\src\SFML\Window\GlResource.cpp">
      <Filter>Source Files</Filter>
    </ClCompile>
    <ClCompile Include="libs\sfml\src\SFML\Window\Joystick.cpp">
      <Filter>Source Files</Filter>
    </ClCompile>
    <ClCompile Include="libs\sfml\src\SFML\Window\JoystickManager.cpp">
      <Filter>Source Files</Filter>
    </ClCompile>
    <ClCompile Include="libs\sfml\src\SFML\Window\Keyboard.cpp">
      <Filter>Source Files</Filter>
    </ClCompile>
    <ClCompile Include="libs\sfml\src\SFML\Window\Mouse.cpp">
      <Filter>Source Files</Filter>
    </ClCompile>
    <ClCompile Include="libs\sfml\src\SFML\Window\VideoMode.cpp">
      <Filter>Source Files</Filter>
    </ClCompile>
    <ClCompile Include="libs\sfml\src\SFML\Window\Window.cpp">
      <Filter>Source Files</Filter>
    </ClCompile>
    <ClCompile Include="libs\sfml\src\SFML\Window\WindowImpl.cpp">
      <Filter>Source Files</Filter>
    </ClCompile>
    <ClCompile Include="libs\sfml\tools\xcode\templates\SFML\SFML App.xctemplate\main.cpp">
      <Filter>Source Files</Filter>
    </ClCompile>
    <ClCompile Include="libs\sfml\tools\xcode\templates\SFML\SFML CLT.xctemplate\main.cpp">
      <Filter>Source Files</Filter>
    </ClCompile>
  </ItemGroup>
  <ItemGroup>
    <ClInclude Include="VBO.h">
      <Filter>Header Files</Filter>
    </ClInclude>
    <ClInclude Include="shapes\cube.h">
      <Filter>Header Files</Filter>
    </ClInclude>
    <ClInclude Include="shapes\figure3D.h">
      <Filter>Header Files</Filter>
    </ClInclude>
    <ClInclude Include="shapes\math.h">
      <Filter>Header Files</Filter>
    </ClInclude>
    <ClInclude Include="shapes\plane.h">
      <Filter>Header Files</Filter>
    </ClInclude>
    <ClInclude Include="shapes\player.h">
      <Filter>Header Files</Filter>
    </ClInclude>
    <ClInclude Include="shapes\sphere.h">
      <Filter>Header Files</Filter>
    </ClInclude>
    <ClInclude Include="shapes\vec.h">
      <Filter>Header Files</Filter>
    </ClInclude>
    <ClInclude Include="camera.h">
      <Filter>Header Files</Filter>
    </ClInclude>
    <ClInclude Include="Engine.h">
      <Filter>Header Files</Filter>
    </ClInclude>
    <ClInclude Include="Heightmap.h">
      <Filter>Header Files</Filter>
    </ClInclude>
    <ClInclude Include="Input.h">
      <Filter>Header Files</Filter>
    </ClInclude>
    <ClInclude Include="QuadTree.h">
      <Filter>Header Files</Filter>
    </ClInclude>
    <ClInclude Include="ShaderProgram.h">
      <Filter>Header Files</Filter>
    </ClInclude>
    <ClInclude Include="libs\glew-1.9.0\auto\src\glew_head.h">
      <Filter>Header Files</Filter>
    </ClInclude>
    <ClInclude Include="libs\glew-1.9.0\auto\src\glew_license.h">
      <Filter>Header Files</Filter>
    </ClInclude>
    <ClInclude Include="libs\glew-1.9.0\auto\src\glew_tail.h">
      <Filter>Header Files</Filter>
    </ClInclude>
    <ClInclude Include="libs\glew-1.9.0\auto\src\glew_utils.h">
      <Filter>Header Files</Filter>
    </ClInclude>
    <ClInclude Include="libs\glew-1.9.0\auto\src\glxew_head.h">
      <Filter>Header Files</Filter>
    </ClInclude>
    <ClInclude Include="libs\glew-1.9.0\auto\src\glxew_mid.h">
      <Filter>Header Files</Filter>
    </ClInclude>
    <ClInclude Include="libs\glew-1.9.0\auto\src\glxew_tail.h">
      <Filter>Header Files</Filter>
    </ClInclude>
    <ClInclude Include="libs\glew-1.9.0\auto\src\khronos_license.h">
      <Filter>Header Files</Filter>
    </ClInclude>
    <ClInclude Include="libs\glew-1.9.0\auto\src\mesa_license.h">
      <Filter>Header Files</Filter>
    </ClInclude>
    <ClInclude Include="libs\glew-1.9.0\auto\src\wglew_head.h">
      <Filter>Header Files</Filter>
    </ClInclude>
    <ClInclude Include="libs\glew-1.9.0\auto\src\wglew_mid.h">
      <Filter>Header Files</Filter>
    </ClInclude>
    <ClInclude Include="libs\glew-1.9.0\auto\src\wglew_tail.h">
      <Filter>Header Files</Filter>
    </ClInclude>
    <ClInclude Include="libs\glew-1.9.0\include\GL\glew.h">
      <Filter>Header Files</Filter>
    </ClInclude>
    <ClInclude Include="libs\glew-1.9.0\include\GL\glxew.h">
      <Filter>Header Files</Filter>
    </ClInclude>
    <ClInclude Include="libs\glew-1.9.0\include\GL\wglew.h">
      <Filter>Header Files</Filter>
    </ClInclude>
    <ClInclude Include="libs\sfml\doc\mainpage.hpp">
      <Filter>Header Files</Filter>
    </ClInclude>
    <ClInclude Include="libs\sfml\examples\cocoa\CocoaAppDelegate.h">
      <Filter>Header Files</Filter>
    </ClInclude>
    <ClInclude Include="libs\sfml\examples\cocoa\NSString+stdstring.h">
      <Filter>Header Files</Filter>
    </ClInclude>
    <ClInclude Include="libs\sfml\examples\shader\Effect.hpp">
      <Filter>Header Files</Filter>
    </ClInclude>
    <ClInclude Include="libs\sfml\extlibs\headers\AL\al.h">
      <Filter>Header Files</Filter>
    </ClInclude>
    <ClInclude Include="libs\sfml\extlibs\headers\AL\alc.h">
      <Filter>Header Files</Filter>
    </ClInclude>
    <ClInclude Include="libs\sfml\extlibs\headers\AL\alext.h">
      <Filter>Header Files</Filter>
    </ClInclude>
    <ClInclude Include="libs\sfml\extlibs\headers\GL\glew.h">
      <Filter>Header Files</Filter>
    </ClInclude>
    <ClInclude Include="libs\sfml\extlibs\headers\GL\glxew.h">
      <Filter>Header Files</Filter>
    </ClInclude>
    <ClInclude Include="libs\sfml\extlibs\headers\GL\wglew.h">
      <Filter>Header Files</Filter>
    </ClInclude>
    <ClInclude Include="libs\sfml\extlibs\headers\jpeg\jconfig.h">
      <Filter>Header Files</Filter>
    </ClInclude>
    <ClInclude Include="libs\sfml\extlibs\headers\jpeg\jerror.h">
      <Filter>Header Files</Filter>
    </ClInclude>
    <ClInclude Include="libs\sfml\extlibs\headers\jpeg\jmorecfg.h">
      <Filter>Header Files</Filter>
    </ClInclude>
    <ClInclude Include="libs\sfml\extlibs\headers\jpeg\jpeglib.h">
      <Filter>Header Files</Filter>
    </ClInclude>
    <ClInclude Include="libs\sfml\extlibs\headers\libfreetype\osx\freetype2\freetype\config\ftconfig.h">
      <Filter>Header Files</Filter>
    </ClInclude>
    <ClInclude Include="libs\sfml\extlibs\headers\libfreetype\osx\freetype2\freetype\config\ftheader.h">
      <Filter>Header Files</Filter>
    </ClInclude>
    <ClInclude Include="libs\sfml\extlibs\headers\libfreetype\osx\freetype2\freetype\config\ftmodule.h">
      <Filter>Header Files</Filter>
    </ClInclude>
    <ClInclude Include="libs\sfml\extlibs\headers\libfreetype\osx\freetype2\freetype\config\ftoption.h">
      <Filter>Header Files</Filter>
    </ClInclude>
    <ClInclude Include="libs\sfml\extlibs\headers\libfreetype\osx\freetype2\freetype\config\ftstdlib.h">
      <Filter>Header Files</Filter>
    </ClInclude>
    <ClInclude Include="libs\sfml\extlibs\headers\libfreetype\osx\freetype2\freetype\freetype.h">
      <Filter>Header Files</Filter>
    </ClInclude>
    <ClInclude Include="libs\sfml\extlibs\headers\libfreetype\osx\freetype2\freetype\ftadvanc.h">
      <Filter>Header Files</Filter>
    </ClInclude>
    <ClInclude Include="libs\sfml\extlibs\headers\libfreetype\osx\freetype2\freetype\ftautoh.h">
      <Filter>Header Files</Filter>
    </ClInclude>
    <ClInclude Include="libs\sfml\extlibs\headers\libfreetype\osx\freetype2\freetype\ftbbox.h">
      <Filter>Header Files</Filter>
    </ClInclude>
    <ClInclude Include="libs\sfml\extlibs\headers\libfreetype\osx\freetype2\freetype\ftbdf.h">
      <Filter>Header Files</Filter>
    </ClInclude>
    <ClInclude Include="libs\sfml\extlibs\headers\libfreetype\osx\freetype2\freetype\ftbitmap.h">
      <Filter>Header Files</Filter>
    </ClInclude>
    <ClInclude Include="libs\sfml\extlibs\headers\libfreetype\osx\freetype2\freetype\ftbzip2.h">
      <Filter>Header Files</Filter>
    </ClInclude>
    <ClInclude Include="libs\sfml\extlibs\headers\libfreetype\osx\freetype2\freetype\ftcache.h">
      <Filter>Header Files</Filter>
    </ClInclude>
    <ClInclude Include="libs\sfml\extlibs\headers\libfreetype\osx\freetype2\freetype\ftchapters.h">
      <Filter>Header Files</Filter>
    </ClInclude>
    <ClInclude Include="libs\sfml\extlibs\headers\libfreetype\osx\freetype2\freetype\ftcid.h">
      <Filter>Header Files</Filter>
    </ClInclude>
    <ClInclude Include="libs\sfml\extlibs\headers\libfreetype\osx\freetype2\freetype\fterrdef.h">
      <Filter>Header Files</Filter>
    </ClInclude>
    <ClInclude Include="libs\sfml\extlibs\headers\libfreetype\osx\freetype2\freetype\fterrors.h">
      <Filter>Header Files</Filter>
    </ClInclude>
    <ClInclude Include="libs\sfml\extlibs\headers\libfreetype\osx\freetype2\freetype\ftgasp.h">
      <Filter>Header Files</Filter>
    </ClInclude>
    <ClInclude Include="libs\sfml\extlibs\headers\libfreetype\osx\freetype2\freetype\ftglyph.h">
      <Filter>Header Files</Filter>
    </ClInclude>
    <ClInclude Include="libs\sfml\extlibs\headers\libfreetype\osx\freetype2\freetype\ftgxval.h">
      <Filter>Header Files</Filter>
    </ClInclude>
    <ClInclude Include="libs\sfml\extlibs\headers\libfreetype\osx\freetype2\freetype\ftgzip.h">
      <Filter>Header Files</Filter>
    </ClInclude>
    <ClInclude Include="libs\sfml\extlibs\headers\libfreetype\osx\freetype2\freetype\ftimage.h">
      <Filter>Header Files</Filter>
    </ClInclude>
    <ClInclude Include="libs\sfml\extlibs\headers\libfreetype\osx\freetype2\freetype\ftincrem.h">
      <Filter>Header Files</Filter>
    </ClInclude>
    <ClInclude Include="libs\sfml\extlibs\headers\libfreetype\osx\freetype2\freetype\ftlcdfil.h">
      <Filter>Header Files</Filter>
    </ClInclude>
    <ClInclude Include="libs\sfml\extlibs\headers\libfreetype\osx\freetype2\freetype\ftlist.h">
      <Filter>Header Files</Filter>
    </ClInclude>
    <ClInclude Include="libs\sfml\extlibs\headers\libfreetype\osx\freetype2\freetype\ftlzw.h">
      <Filter>Header Files</Filter>
    </ClInclude>
    <ClInclude Include="libs\sfml\extlibs\headers\libfreetype\osx\freetype2\freetype\ftmac.h">
      <Filter>Header Files</Filter>
    </ClInclude>
    <ClInclude Include="libs\sfml\extlibs\headers\libfreetype\osx\freetype2\freetype\ftmm.h">
      <Filter>Header Files</Filter>
    </ClInclude>
    <ClInclude Include="libs\sfml\extlibs\headers\libfreetype\osx\freetype2\freetype\ftmodapi.h">
      <Filter>Header Files</Filter>
    </ClInclude>
    <ClInclude Include="libs\sfml\extlibs\headers\libfreetype\osx\freetype2\freetype\ftmoderr.h">
      <Filter>Header Files</Filter>
    </ClInclude>
    <ClInclude Include="libs\sfml\extlibs\headers\libfreetype\osx\freetype2\freetype\ftotval.h">
      <Filter>Header Files</Filter>
    </ClInclude>
    <ClInclude Include="libs\sfml\extlibs\headers\libfreetype\osx\freetype2\freetype\ftoutln.h">
      <Filter>Header Files</Filter>
    </ClInclude>
    <ClInclude Include="libs\sfml\extlibs\headers\libfreetype\osx\freetype2\freetype\ftpfr.h">
      <Filter>Header Files</Filter>
    </ClInclude>
    <ClInclude Include="libs\sfml\extlibs\headers\libfreetype\osx\freetype2\freetype\ftrender.h">
      <Filter>Header Files</Filter>
    </ClInclude>
    <ClInclude Include="libs\sfml\extlibs\headers\libfreetype\osx\freetype2\freetype\ftsizes.h">
      <Filter>Header Files</Filter>
    </ClInclude>
    <ClInclude Include="libs\sfml\extlibs\headers\libfreetype\osx\freetype2\freetype\ftsnames.h">
      <Filter>Header Files</Filter>
    </ClInclude>
    <ClInclude Include="libs\sfml\extlibs\headers\libfreetype\osx\freetype2\freetype\ftstroke.h">
      <Filter>Header Files</Filter>
    </ClInclude>
    <ClInclude Include="libs\sfml\extlibs\headers\libfreetype\osx\freetype2\freetype\ftsynth.h">
      <Filter>Header Files</Filter>
    </ClInclude>
    <ClInclude Include="libs\sfml\extlibs\headers\libfreetype\osx\freetype2\freetype\ftsystem.h">
      <Filter>Header Files</Filter>
    </ClInclude>
    <ClInclude Include="libs\sfml\extlibs\headers\libfreetype\osx\freetype2\freetype\fttrigon.h">
      <Filter>Header Files</Filter>
    </ClInclude>
    <ClInclude Include="libs\sfml\extlibs\headers\libfreetype\osx\freetype2\freetype\fttypes.h">
      <Filter>Header Files</Filter>
    </ClInclude>
    <ClInclude Include="libs\sfml\extlibs\headers\libfreetype\osx\freetype2\freetype\ftwinfnt.h">
      <Filter>Header Files</Filter>
    </ClInclude>
    <ClInclude Include="libs\sfml\extlibs\headers\libfreetype\osx\freetype2\freetype\ftxf86.h">
      <Filter>Header Files</Filter>
    </ClInclude>
    <ClInclude Include="libs\sfml\extlibs\headers\libfreetype\osx\freetype2\freetype\t1tables.h">
      <Filter>Header Files</Filter>
    </ClInclude>
    <ClInclude Include="libs\sfml\extlibs\headers\libfreetype\osx\freetype2\freetype\ttnameid.h">
      <Filter>Header Files</Filter>
    </ClInclude>
    <ClInclude Include="libs\sfml\extlibs\headers\libfreetype\osx\freetype2\freetype\tttables.h">
      <Filter>Header Files</Filter>
    </ClInclude>
    <ClInclude Include="libs\sfml\extlibs\headers\libfreetype\osx\freetype2\freetype\tttags.h">
      <Filter>Header Files</Filter>
    </ClInclude>
    <ClInclude Include="libs\sfml\extlibs\headers\libfreetype\osx\freetype2\freetype\ttunpat.h">
      <Filter>Header Files</Filter>
    </ClInclude>
    <ClInclude Include="libs\sfml\extlibs\headers\libfreetype\osx\ft2build.h">
      <Filter>Header Files</Filter>
    </ClInclude>
    <ClInclude Include="libs\sfml\extlibs\headers\libfreetype\windows\freetype\config\ftconfig.h">
      <Filter>Header Files</Filter>
    </ClInclude>
    <ClInclude Include="libs\sfml\extlibs\headers\libfreetype\windows\freetype\config\ftheader.h">
      <Filter>Header Files</Filter>
    </ClInclude>
    <ClInclude Include="libs\sfml\extlibs\headers\libfreetype\windows\freetype\config\ftmodule.h">
      <Filter>Header Files</Filter>
    </ClInclude>
    <ClInclude Include="libs\sfml\extlibs\headers\libfreetype\windows\freetype\config\ftoption.h">
      <Filter>Header Files</Filter>
    </ClInclude>
    <ClInclude Include="libs\sfml\extlibs\headers\libfreetype\windows\freetype\config\ftstdlib.h">
      <Filter>Header Files</Filter>
    </ClInclude>
    <ClInclude Include="libs\sfml\extlibs\headers\libfreetype\windows\freetype\internal\internal.h">
      <Filter>Header Files</Filter>
    </ClInclude>
    <ClInclude Include="libs\sfml\extlibs\headers\libfreetype\windows\freetype\freetype.h">
      <Filter>Header Files</Filter>
    </ClInclude>
    <ClInclude Include="libs\sfml\extlibs\headers\libfreetype\windows\freetype\ftbitmap.h">
      <Filter>Header Files</Filter>
    </ClInclude>
    <ClInclude Include="libs\sfml\extlibs\headers\libfreetype\windows\freetype\fterrdef.h">
      <Filter>Header Files</Filter>
    </ClInclude>
    <ClInclude Include="libs\sfml\extlibs\headers\libfreetype\windows\freetype\fterrors.h">
      <Filter>Header Files</Filter>
    </ClInclude>
    <ClInclude Include="libs\sfml\extlibs\headers\libfreetype\windows\freetype\ftglyph.h">
      <Filter>Header Files</Filter>
    </ClInclude>
    <ClInclude Include="libs\sfml\extlibs\headers\libfreetype\windows\freetype\ftimage.h">
      <Filter>Header Files</Filter>
    </ClInclude>
    <ClInclude Include="libs\sfml\extlibs\headers\libfreetype\windows\freetype\ftmoderr.h">
      <Filter>Header Files</Filter>
    </ClInclude>
    <ClInclude Include="libs\sfml\extlibs\headers\libfreetype\windows\freetype\ftoutln.h">
      <Filter>Header Files</Filter>
    </ClInclude>
    <ClInclude Include="libs\sfml\extlibs\headers\libfreetype\windows\freetype\ftsystem.h">
      <Filter>Header Files</Filter>
    </ClInclude>
    <ClInclude Include="libs\sfml\extlibs\headers\libfreetype\windows\freetype\fttypes.h">
      <Filter>Header Files</Filter>
    </ClInclude>
    <ClInclude Include="libs\sfml\extlibs\headers\libfreetype\windows\ft2build.h">
      <Filter>Header Files</Filter>
    </ClInclude>
    <ClInclude Include="libs\sfml\extlibs\headers\libsndfile\osx\sndfile.h">
      <Filter>Header Files</Filter>
    </ClInclude>
    <ClInclude Include="libs\sfml\extlibs\headers\libsndfile\windows\sndfile.h">
      <Filter>Header Files</Filter>
    </ClInclude>
    <ClInclude Include="libs\sfml\include\SFML\Audio\Export.hpp">
      <Filter>Header Files</Filter>
    </ClInclude>
    <ClInclude Include="libs\sfml\include\SFML\Audio\Listener.hpp">
      <Filter>Header Files</Filter>
    </ClInclude>
    <ClInclude Include="libs\sfml\include\SFML\Audio\Music.hpp">
      <Filter>Header Files</Filter>
    </ClInclude>
    <ClInclude Include="libs\sfml\include\SFML\Audio\Sound.hpp">
      <Filter>Header Files</Filter>
    </ClInclude>
    <ClInclude Include="libs\sfml\include\SFML\Audio\SoundBuffer.hpp">
      <Filter>Header Files</Filter>
    </ClInclude>
    <ClInclude Include="libs\sfml\include\SFML\Audio\SoundBufferRecorder.hpp">
      <Filter>Header Files</Filter>
    </ClInclude>
    <ClInclude Include="libs\sfml\include\SFML\Audio\SoundRecorder.hpp">
      <Filter>Header Files</Filter>
    </ClInclude>
    <ClInclude Include="libs\sfml\include\SFML\Audio\SoundSource.hpp">
      <Filter>Header Files</Filter>
    </ClInclude>
    <ClInclude Include="libs\sfml\include\SFML\Audio\SoundStream.hpp">
      <Filter>Header Files</Filter>
    </ClInclude>
    <ClInclude Include="libs\sfml\include\SFML\Graphics\BlendMode.hpp">
      <Filter>Header Files</Filter>
    </ClInclude>
    <ClInclude Include="libs\sfml\include\SFML\Graphics\CircleShape.hpp">
      <Filter>Header Files</Filter>
    </ClInclude>
    <ClInclude Include="libs\sfml\include\SFML\Graphics\Color.hpp">
      <Filter>Header Files</Filter>
    </ClInclude>
    <ClInclude Include="libs\sfml\include\SFML\Graphics\ConvexShape.hpp">
      <Filter>Header Files</Filter>
    </ClInclude>
    <ClInclude Include="libs\sfml\include\SFML\Graphics\Drawable.hpp">
      <Filter>Header Files</Filter>
    </ClInclude>
    <ClInclude Include="libs\sfml\include\SFML\Graphics\Export.hpp">
      <Filter>Header Files</Filter>
    </ClInclude>
    <ClInclude Include="libs\sfml\include\SFML\Graphics\Font.hpp">
      <Filter>Header Files</Filter>
    </ClInclude>
    <ClInclude Include="libs\sfml\include\SFML\Graphics\Glyph.hpp">
      <Filter>Header Files</Filter>
    </ClInclude>
    <ClInclude Include="libs\sfml\include\SFML\Graphics\Image.hpp">
      <Filter>Header Files</Filter>
    </ClInclude>
    <ClInclude Include="libs\sfml\include\SFML\Graphics\PrimitiveType.hpp">
      <Filter>Header Files</Filter>
    </ClInclude>
    <ClInclude Include="libs\sfml\include\SFML\Graphics\Rect.hpp">
      <Filter>Header Files</Filter>
    </ClInclude>
    <ClInclude Include="libs\sfml\include\SFML\Graphics\RectangleShape.hpp">
      <Filter>Header Files</Filter>
    </ClInclude>
    <ClInclude Include="libs\sfml\include\SFML\Graphics\RenderStates.hpp">
      <Filter>Header Files</Filter>
    </ClInclude>
    <ClInclude Include="libs\sfml\include\SFML\Graphics\RenderTarget.hpp">
      <Filter>Header Files</Filter>
    </ClInclude>
    <ClInclude Include="libs\sfml\include\SFML\Graphics\RenderTexture.hpp">
      <Filter>Header Files</Filter>
    </ClInclude>
    <ClInclude Include="libs\sfml\include\SFML\Graphics\RenderWindow.hpp">
      <Filter>Header Files</Filter>
    </ClInclude>
    <ClInclude Include="libs\sfml\include\SFML\Graphics\Shader.hpp">
      <Filter>Header Files</Filter>
    </ClInclude>
    <ClInclude Include="libs\sfml\include\SFML\Graphics\Shape.hpp">
      <Filter>Header Files</Filter>
    </ClInclude>
    <ClInclude Include="libs\sfml\include\SFML\Graphics\Sprite.hpp">
      <Filter>Header Files</Filter>
    </ClInclude>
    <ClInclude Include="libs\sfml\include\SFML\Graphics\Text.hpp">
      <Filter>Header Files</Filter>
    </ClInclude>
    <ClInclude Include="libs\sfml\include\SFML\Graphics\Texture.hpp">
      <Filter>Header Files</Filter>
    </ClInclude>
    <ClInclude Include="libs\sfml\include\SFML\Graphics\Transform.hpp">
      <Filter>Header Files</Filter>
    </ClInclude>
    <ClInclude Include="libs\sfml\include\SFML\Graphics\Transformable.hpp">
      <Filter>Header Files</Filter>
    </ClInclude>
    <ClInclude Include="libs\sfml\include\SFML\Graphics\Vertex.hpp">
      <Filter>Header Files</Filter>
    </ClInclude>
    <ClInclude Include="libs\sfml\include\SFML\Graphics\VertexArray.hpp">
      <Filter>Header Files</Filter>
    </ClInclude>
    <ClInclude Include="libs\sfml\include\SFML\Graphics\View.hpp">
      <Filter>Header Files</Filter>
    </ClInclude>
    <ClInclude Include="libs\sfml\include\SFML\Network\Export.hpp">
      <Filter>Header Files</Filter>
    </ClInclude>
    <ClInclude Include="libs\sfml\include\SFML\Network\Ftp.hpp">
      <Filter>Header Files</Filter>
    </ClInclude>
    <ClInclude Include="libs\sfml\include\SFML\Network\Http.hpp">
      <Filter>Header Files</Filter>
    </ClInclude>
    <ClInclude Include="libs\sfml\include\SFML\Network\IpAddress.hpp">
      <Filter>Header Files</Filter>
    </ClInclude>
    <ClInclude Include="libs\sfml\include\SFML\Network\Packet.hpp">
      <Filter>Header Files</Filter>
    </ClInclude>
    <ClInclude Include="libs\sfml\include\SFML\Network\Socket.hpp">
      <Filter>Header Files</Filter>
    </ClInclude>
    <ClInclude Include="libs\sfml\include\SFML\Network\SocketHandle.hpp">
      <Filter>Header Files</Filter>
    </ClInclude>
    <ClInclude Include="libs\sfml\include\SFML\Network\SocketSelector.hpp">
      <Filter>Header Files</Filter>
    </ClInclude>
    <ClInclude Include="libs\sfml\include\SFML\Network\TcpListener.hpp">
      <Filter>Header Files</Filter>
    </ClInclude>
    <ClInclude Include="libs\sfml\include\SFML\Network\TcpSocket.hpp">
      <Filter>Header Files</Filter>
    </ClInclude>
    <ClInclude Include="libs\sfml\include\SFML\Network\UdpSocket.hpp">
      <Filter>Header Files</Filter>
    </ClInclude>
    <ClInclude Include="libs\sfml\include\SFML\System\Clock.hpp">
      <Filter>Header Files</Filter>
    </ClInclude>
    <ClInclude Include="libs\sfml\include\SFML\System\Err.hpp">
      <Filter>Header Files</Filter>
    </ClInclude>
    <ClInclude Include="libs\sfml\include\SFML\System\Export.hpp">
      <Filter>Header Files</Filter>
    </ClInclude>
    <ClInclude Include="libs\sfml\include\SFML\System\InputStream.hpp">
      <Filter>Header Files</Filter>
    </ClInclude>
    <ClInclude Include="libs\sfml\include\SFML\System\Lock.hpp">
      <Filter>Header Files</Filter>
    </ClInclude>
    <ClInclude Include="libs\sfml\include\SFML\System\Mutex.hpp">
      <Filter>Header Files</Filter>
    </ClInclude>
    <ClInclude Include="libs\sfml\include\SFML\System\NonCopyable.hpp">
      <Filter>Header Files</Filter>
    </ClInclude>
    <ClInclude Include="libs\sfml\include\SFML\System\Sleep.hpp">
      <Filter>Header Files</Filter>
    </ClInclude>
    <ClInclude Include="libs\sfml\include\SFML\System\String.hpp">
      <Filter>Header Files</Filter>
    </ClInclude>
    <ClInclude Include="libs\sfml\include\SFML\System\Thread.hpp">
      <Filter>Header Files</Filter>
    </ClInclude>
    <ClInclude Include="libs\sfml\include\SFML\System\ThreadLocal.hpp">
      <Filter>Header Files</Filter>
    </ClInclude>
    <ClInclude Include="libs\sfml\include\SFML\System\ThreadLocalPtr.hpp">
      <Filter>Header Files</Filter>
    </ClInclude>
    <ClInclude Include="libs\sfml\include\SFML\System\Time.hpp">
      <Filter>Header Files</Filter>
    </ClInclude>
    <ClInclude Include="libs\sfml\include\SFML\System\Utf.hpp">
      <Filter>Header Files</Filter>
    </ClInclude>
    <ClInclude Include="libs\sfml\include\SFML\System\Vector2.hpp">
      <Filter>Header Files</Filter>
    </ClInclude>
    <ClInclude Include="libs\sfml\include\SFML\System\Vector3.hpp">
      <Filter>Header Files</Filter>
    </ClInclude>
    <ClInclude Include="libs\sfml\include\SFML\Window\Context.hpp">
      <Filter>Header Files</Filter>
    </ClInclude>
    <ClInclude Include="libs\sfml\include\SFML\Window\ContextSettings.hpp">
      <Filter>Header Files</Filter>
    </ClInclude>
    <ClInclude Include="libs\sfml\include\SFML\Window\Event.hpp">
      <Filter>Header Files</Filter>
    </ClInclude>
    <ClInclude Include="libs\sfml\include\SFML\Window\Export.hpp">
      <Filter>Header Files</Filter>
    </ClInclude>
    <ClInclude Include="libs\sfml\include\SFML\Window\GlResource.hpp">
      <Filter>Header Files</Filter>
    </ClInclude>
    <ClInclude Include="libs\sfml\include\SFML\Window\Joystick.hpp">
      <Filter>Header Files</Filter>
    </ClInclude>
    <ClInclude Include="libs\sfml\include\SFML\Window\Keyboard.hpp">
      <Filter>Header Files</Filter>
    </ClInclude>
    <ClInclude Include="libs\sfml\include\SFML\Window\Mouse.hpp">
      <Filter>Header Files</Filter>
    </ClInclude>
    <ClInclude Include="libs\sfml\include\SFML\Window\VideoMode.hpp">
      <Filter>Header Files</Filter>
    </ClInclude>
    <ClInclude Include="libs\sfml\include\SFML\Window\Window.hpp">
      <Filter>Header Files</Filter>
    </ClInclude>
    <ClInclude Include="libs\sfml\include\SFML\Window\WindowHandle.hpp">
      <Filter>Header Files</Filter>
    </ClInclude>
    <ClInclude Include="libs\sfml\include\SFML\Window\WindowStyle.hpp">
      <Filter>Header Files</Filter>
    </ClInclude>
    <ClInclude Include="libs\sfml\include\SFML\Audio.hpp">
      <Filter>Header Files</Filter>
    </ClInclude>
    <ClInclude Include="libs\sfml\include\SFML\Config.hpp">
      <Filter>Header Files</Filter>
    </ClInclude>
    <ClInclude Include="libs\sfml\include\SFML\Graphics.hpp">
      <Filter>Header Files</Filter>
    </ClInclude>
    <ClInclude Include="libs\sfml\include\SFML\Network.hpp">
      <Filter>Header Files</Filter>
    </ClInclude>
    <ClInclude Include="libs\sfml\include\SFML\OpenGL.hpp">
      <Filter>Header Files</Filter>
    </ClInclude>
    <ClInclude Include="libs\sfml\include\SFML\System.hpp">
      <Filter>Header Files</Filter>
    </ClInclude>
    <ClInclude Include="libs\sfml\include\SFML\Window.hpp">
      <Filter>Header Files</Filter>
    </ClInclude>
    <ClInclude Include="libs\sfml\src\SFML\Audio\ALCheck.hpp">
      <Filter>Header Files</Filter>
    </ClInclude>
    <ClInclude Include="libs\sfml\src\SFML\Audio\AudioDevice.hpp">
      <Filter>Header Files</Filter>
    </ClInclude>
    <ClInclude Include="libs\sfml\src\SFML\Audio\SoundFile.hpp">
      <Filter>Header Files</Filter>
    </ClInclude>
    <ClInclude Include="libs\sfml\src\SFML\Graphics\stb_image\stb_image.h">
      <Filter>Header Files</Filter>
    </ClInclude>
    <ClInclude Include="libs\sfml\src\SFML\Graphics\stb_image\stb_image_write.h">
      <Filter>Header Files</Filter>
    </ClInclude>
    <ClInclude Include="libs\sfml\src\SFML\Graphics\GLCheck.hpp">
      <Filter>Header Files</Filter>
    </ClInclude>
    <ClInclude Include="libs\sfml\src\SFML\Graphics\ImageLoader.hpp">
      <Filter>Header Files</Filter>
    </ClInclude>
    <ClInclude Include="libs\sfml\src\SFML\Graphics\RenderTextureImpl.hpp">
      <Filter>Header Files</Filter>
    </ClInclude>
    <ClInclude Include="libs\sfml\src\SFML\Graphics\RenderTextureImplDefault.hpp">
      <Filter>Header Files</Filter>
    </ClInclude>
    <ClInclude Include="libs\sfml\src\SFML\Graphics\RenderTextureImplFBO.hpp">
      <Filter>Header Files</Filter>
    </ClInclude>
    <ClInclude Include="libs\sfml\src\SFML\Graphics\TextureSaver.hpp">
      <Filter>Header Files</Filter>
    </ClInclude>
    <ClInclude Include="libs\sfml\src\SFML\Network\Unix\SocketImpl.hpp">
      <Filter>Header Files</Filter>
    </ClInclude>
    <ClInclude Include="libs\sfml\src\SFML\Network\Win32\SocketImpl.hpp">
      <Filter>Header Files</Filter>
    </ClInclude>
    <ClInclude Include="libs\sfml\src\SFML\Network\SocketImpl.hpp">
      <Filter>Header Files</Filter>
    </ClInclude>
    <ClInclude Include="libs\sfml\src\SFML\System\Unix\ClockImpl.hpp">
      <Filter>Header Files</Filter>
    </ClInclude>
    <ClInclude Include="libs\sfml\src\SFML\System\Unix\MutexImpl.hpp">
      <Filter>Header Files</Filter>
    </ClInclude>
    <ClInclude Include="libs\sfml\src\SFML\System\Unix\SleepImpl.hpp">
      <Filter>Header Files</Filter>
    </ClInclude>
    <ClInclude Include="libs\sfml\src\SFML\System\Unix\ThreadImpl.hpp">
      <Filter>Header Files</Filter>
    </ClInclude>
    <ClInclude Include="libs\sfml\src\SFML\System\Unix\ThreadLocalImpl.hpp">
      <Filter>Header Files</Filter>
    </ClInclude>
    <ClInclude Include="libs\sfml\src\SFML\System\Win32\ClockImpl.hpp">
      <Filter>Header Files</Filter>
    </ClInclude>
    <ClInclude Include="libs\sfml\src\SFML\System\Win32\MutexImpl.hpp">
      <Filter>Header Files</Filter>
    </ClInclude>
    <ClInclude Include="libs\sfml\src\SFML\System\Win32\SleepImpl.hpp">
      <Filter>Header Files</Filter>
    </ClInclude>
    <ClInclude Include="libs\sfml\src\SFML\System\Win32\ThreadImpl.hpp">
      <Filter>Header Files</Filter>
    </ClInclude>
    <ClInclude Include="libs\sfml\src\SFML\System\Win32\ThreadLocalImpl.hpp">
      <Filter>Header Files</Filter>
    </ClInclude>
    <ClInclude Include="libs\sfml\src\SFML\Window\glext\glext.h">
      <Filter>Header Files</Filter>
    </ClInclude>
    <ClInclude Include="libs\sfml\src\SFML\Window\glext\glxext.h">
      <Filter>Header Files</Filter>
    </ClInclude>
    <ClInclude Include="libs\sfml\src\SFML\Window\glext\wglext.h">
      <Filter>Header Files</Filter>
    </ClInclude>
    <ClInclude Include="libs\sfml\src\SFML\Window\Linux\Display.hpp">
      <Filter>Header Files</Filter>
    </ClInclude>
    <ClInclude Include="libs\sfml\src\SFML\Window\Linux\GlxContext.hpp">
      <Filter>Header Files</Filter>
    </ClInclude>
    <ClInclude Include="libs\sfml\src\SFML\Window\Linux\InputImpl.hpp">
      <Filter>Header Files</Filter>
    </ClInclude>
    <ClInclude Include="libs\sfml\src\SFML\Window\Linux\JoystickImpl.hpp">
      <Filter>Header Files</Filter>
    </ClInclude>
    <ClInclude Include="libs\sfml\src\SFML\Window\Linux\WindowImplX11.hpp">
      <Filter>Header Files</Filter>
    </ClInclude>
    <ClInclude Include="libs\sfml\src\SFML\Window\OSX\AutoreleasePoolWrapper.h">
      <Filter>Header Files</Filter>
    </ClInclude>
    <ClInclude Include="libs\sfml\src\SFML\Window\OSX\cg_sf_conversion.hpp">
      <Filter>Header Files</Filter>
    </ClInclude>
    <ClInclude Include="libs\sfml\src\SFML\Window\OSX\cpp_objc_conversion.h">
      <Filter>Header Files</Filter>
    </ClInclude>
    <ClInclude Include="libs\sfml\src\SFML\Window\OSX\HIDInputManager.hpp">
      <Filter>Header Files</Filter>
    </ClInclude>
    <ClInclude Include="libs\sfml\src\SFML\Window\OSX\HIDJoystickManager.hpp">
      <Filter>Header Files</Filter>
    </ClInclude>
    <ClInclude Include="libs\sfml\src\SFML\Window\OSX\InputImpl.hpp">
      <Filter>Header Files</Filter>
    </ClInclude>
    <ClInclude Include="libs\sfml\src\SFML\Window\OSX\JoystickImpl.hpp">
      <Filter>Header Files</Filter>
    </ClInclude>
    <ClInclude Include="libs\sfml\src\SFML\Window\OSX\SFApplication.h">
      <Filter>Header Files</Filter>
    </ClInclude>
    <ClInclude Include="libs\sfml\src\SFML\Window\OSX\SFContext.hpp">
      <Filter>Header Files</Filter>
    </ClInclude>
    <ClInclude Include="libs\sfml\src\SFML\Window\OSX\SFOpenGLView.h">
      <Filter>Header Files</Filter>
    </ClInclude>
    <ClInclude Include="libs\sfml\src\SFML\Window\OSX\SFViewController.h">
      <Filter>Header Files</Filter>
    </ClInclude>
    <ClInclude Include="libs\sfml\src\SFML\Window\OSX\SFWindow.h">
      <Filter>Header Files</Filter>
    </ClInclude>
    <ClInclude Include="libs\sfml\src\SFML\Window\OSX\SFWindowController.h">
      <Filter>Header Files</Filter>
    </ClInclude>
    <ClInclude Include="libs\sfml\src\SFML\Window\OSX\WindowImplCocoa.hpp">
      <Filter>Header Files</Filter>
    </ClInclude>
    <ClInclude Include="libs\sfml\src\SFML\Window\OSX\WindowImplDelegateProtocol.h">
      <Filter>Header Files</Filter>
    </ClInclude>
    <ClInclude Include="libs\sfml\src\SFML\Window\Win32\InputImpl.hpp">
      <Filter>Header Files</Filter>
    </ClInclude>
    <ClInclude Include="libs\sfml\src\SFML\Window\Win32\JoystickImpl.hpp">
      <Filter>Header Files</Filter>
    </ClInclude>
    <ClInclude Include="libs\sfml\src\SFML\Window\Win32\WglContext.hpp">
      <Filter>Header Files</Filter>
    </ClInclude>
    <ClInclude Include="libs\sfml\src\SFML\Window\Win32\WindowImplWin32.hpp">
      <Filter>Header Files</Filter>
    </ClInclude>
    <ClInclude Include="libs\sfml\src\SFML\Window\GlContext.hpp">
      <Filter>Header Files</Filter>
    </ClInclude>
    <ClInclude Include="libs\sfml\src\SFML\Window\InputImpl.hpp">
      <Filter>Header Files</Filter>
    </ClInclude>
    <ClInclude Include="libs\sfml\src\SFML\Window\JoystickImpl.hpp">
      <Filter>Header Files</Filter>
    </ClInclude>
    <ClInclude Include="libs\sfml\src\SFML\Window\JoystickManager.hpp">
      <Filter>Header Files</Filter>
    </ClInclude>
    <ClInclude Include="libs\sfml\src\SFML\Window\VideoModeImpl.hpp">
      <Filter>Header Files</Filter>
    </ClInclude>
    <ClInclude Include="libs\sfml\src\SFML\Window\WindowImpl.hpp">
      <Filter>Header Files</Filter>
    </ClInclude>
    <ClInclude Include="libs\sfml\tools\xcode\templates\SFML\SFML App.xctemplate\ResourcePath.hpp">
      <Filter>Header Files</Filter>
    </ClInclude>
  </ItemGroup>
  <ItemGroup>
    <None Include="libs\glew-1.9.0\auto\doc\advanced.html" />
    <None Include="libs\glew-1.9.0\auto\doc\basic.html" />
    <None Include="libs\glew-1.9.0\auto\doc\build.html" />
    <None Include="libs\glew-1.9.0\auto\doc\credits.html" />
    <None Include="libs\glew-1.9.0\auto\doc\index.html" />
    <None Include="libs\glew-1.9.0\auto\doc\install.html" />
    <None Include="libs\glew-1.9.0\auto\doc\log.html" />
    <None Include="libs\glew-1.9.0\auto\src\footer.html" />
    <None Include="libs\glew-1.9.0\auto\src\header.html" />
    <None Include="libs\glew-1.9.0\doc\advanced.html" />
    <None Include="libs\glew-1.9.0\doc\basic.html" />
    <None Include="libs\glew-1.9.0\doc\build.html" />
    <None Include="libs\glew-1.9.0\doc\credits.html" />
    <None Include="libs\glew-1.9.0\doc\glew.html" />
    <None Include="libs\glew-1.9.0\doc\glxew.html" />
    <None Include="libs\glew-1.9.0\doc\index.html" />
    <None Include="libs\glew-1.9.0\doc\install.html" />
    <None Include="libs\glew-1.9.0\doc\log.html" />
    <None Include="libs\glew-1.9.0\doc\wglew.html" />
    <None Include="libs\sfml\doc\footer.htm" />
    <None Include="libs\sfml\doc\header.htm" />
    <None Include="libs\sfml\include\SFML\Graphics\Rect.inl">
      <Filter>Header Files</Filter>
    </None>
    <None Include="libs\sfml\include\SFML\System\Thread.inl">
      <Filter>Header Files</Filter>
    </None>
    <None Include="libs\sfml\include\SFML\System\ThreadLocalPtr.inl">
      <Filter>Header Files</Filter>
    </None>
    <None Include="libs\sfml\include\SFML\System\Utf.inl">
      <Filter>Header Files</Filter>
    </None>
    <None Include="libs\sfml\include\SFML\System\Vector2.inl">
      <Filter>Header Files</Filter>
    </None>
    <None Include="libs\sfml\include\SFML\System\Vector3.inl">
      <Filter>Header Files</Filter>
    </None>
  </ItemGroup>
  <ItemGroup>
    <ResourceCompile Include="libs\glew-1.9.0\auto\src\glew.rc">
      <Filter>Resource Files</Filter>
    </ResourceCompile>
    <ResourceCompile Include="libs\glew-1.9.0\auto\src\glewinfo.rc">
      <Filter>Resource Files</Filter>
    </ResourceCompile>
    <ResourceCompile Include="libs\glew-1.9.0\auto\src\visualinfo.rc">
      <Filter>Resource Files</Filter>
    </ResourceCompile>
    <ResourceCompile Include="libs\glew-1.9.0\build\glew.rc">
      <Filter>Resource Files</Filter>
    </ResourceCompile>
    <ResourceCompile Include="libs\glew-1.9.0\build\glewinfo.rc">
      <Filter>Resource Files</Filter>
    </ResourceCompile>
    <ResourceCompile Include="libs\glew-1.9.0\build\visualinfo.rc">
      <Filter>Resource Files</Filter>
    </ResourceCompile>
  </ItemGroup>
</Project>